<Solution>
  <Project Path="client/DiscountSystem.Client/DiscountSystem.Client.csproj" Id="7ffb38df-7496-402d-b3b6-4381b6ac9e4b" />
  <Project Path="src/DiscountSystem.Domain/DiscountSystem.Domain.csproj" Id="15eda6cf-e565-4118-915b-bf9807a4f256" />
  <Project Path="src/DiscountSystem.Infrastructure/DiscountSystem.Infrastructure.csproj" Id="6329b985-5abf-4f94-a8b5-f14a9d302a5b" />
  <Project Path="src/DiscountSystem.Protos/DiscountSystem.Protos.csproj" Id="7f3ba784-6cf3-4da8-aef9-18fb3a6f02bd" />
  <Project Path="src/DiscountSystem.Server/DiscountSystem.Server.csproj" Id="5dded798-aa68-4eed-b29e-8f2610e05820" />
  <Project Path="src/DiscountSystem.Services/DiscountSystem.Services.csproj" Id="765d04f5-173c-4c7d-9ce1-486b8238f4fa" />
  <Project Path="tests/DiscountSystem.Test/DiscountSystem.Test.csproj" Id="e8a9c458-e5d4-4546-885e-361105bf2519" />
</Solution>
